// !$*UTF8*$!
{
	archiveVersion = 1;
	classes = {
	};
	objectVersion = 46;
	objects = {

/* Begin PBXBuildFile section */
		7E2A58C81C24DEA3009986DF /* AppDelegate.swift in Sources */ = {isa = PBXBuildFile; fileRef = 7E2A58C71C24DEA3009986DF /* AppDelegate.swift */; };
		7E2A58CA1C24DEA3009986DF /* ViewController.swift in Sources */ = {isa = PBXBuildFile; fileRef = 7E2A58C91C24DEA3009986DF /* ViewController.swift */; };
		7E2A58CD1C24DEA3009986DF /* Main.storyboard in Resources */ = {isa = PBXBuildFile; fileRef = 7E2A58CB1C24DEA3009986DF /* Main.storyboard */; };
		7E2A58CF1C24DEA3009986DF /* Assets.xcassets in Resources */ = {isa = PBXBuildFile; fileRef = 7E2A58CE1C24DEA3009986DF /* Assets.xcassets */; };
		7E2A58D21C24DEA3009986DF /* LaunchScreen.storyboard in Resources */ = {isa = PBXBuildFile; fileRef = 7E2A58D01C24DEA3009986DF /* LaunchScreen.storyboard */; };
/* End PBXBuildFile section */

/* Begin PBXFileReference section */
		7E2A58C41C24DEA3009986DF /* SharingKeychainOne.app */ = {isa = PBXFileReference; explicitFileType = wrapper.application; includeInIndex = 0; path = SharingKeychainOne.app; sourceTree = BUILT_PRODUCTS_DIR; };
		7E2A58C71C24DEA3009986DF /* AppDelegate.swift */ = {isa = PBXFileReference; lastKnownFileType = sourcecode.swift; path = AppDelegate.swift; sourceTree = "<group>"; };
		7E2A58C91C24DEA3009986DF /* ViewController.swift */ = {isa = PBXFileReference; lastKnownFileType = sourcecode.swift; path = ViewController.swift; sourceTree = "<group>"; };
		7E2A58CC1C24DEA3009986DF /* Base */ = {isa = PBXFileReference; lastKnownFileType = file.storyboard; name = Base; path = Base.lproj/Main.storyboard; sourceTree = "<group>"; };
		7E2A58CE1C24DEA3009986DF /* Assets.xcassets */ = {isa = PBXFileReference; lastKnownFileType = folder.assetcatalog; path = Assets.xcassets; sourceTree = "<group>"; };
		7E2A58D11C24DEA3009986DF /* Base */ = {isa = PBXFileReference; lastKnownFileType = file.storyboard; name = Base; path = Base.lproj/LaunchScreen.storyboard; sourceTree = "<group>"; };
		7E2A58D31C24DEA3009986DF /* Info.plist */ = {isa = PBXFileReference; lastKnownFileType = text.plist.xml; path = Info.plist; sourceTree = "<group>"; };
		7E2A58D91C24E968009986DF /* SharingKeychainOne.entitlements */ = {isa = PBXFileReference; lastKnownFileType = text.xml; path = SharingKeychainOne.entitlements; sourceTree = "<group>"; };
		7E2A58DA1C24F441009986DF /* KeychainSwift.swift */ = {isa = PBXFileReference; fileEncoding = 4; lastKnownFileType = sourcecode.swift; path = KeychainSwift.swift; sourceTree = "<group>"; };
/* End PBXFileReference section */

/* Begin PBXFrameworksBuildPhase section */
		7E2A58C11C24DEA3009986DF /* Frameworks */ = {
			isa = PBXFrameworksBuildPhase;
			buildActionMask = 2147483647;
			files = (
			);
			runOnlyForDeploymentPostprocessing = 0;
		};
/* End PBXFrameworksBuildPhase section */

/* Begin PBXGroup section */
		7E2A58BB1C24DEA3009986DF = {
			isa = PBXGroup;
			children = (
				7E2A58C61C24DEA3009986DF /* SharingKeychainOne */,
				7E2A58C51C24DEA3009986DF /* Products */,
			);
			sourceTree = "<group>";
		};
		7E2A58C51C24DEA3009986DF /* Products */ = {
			isa = PBXGroup;
			children = (
				7E2A58C41C24DEA3009986DF /* SharingKeychainOne.app */,
			);
			name = Products;
			sourceTree = "<group>";
		};
		7E2A58C61C24DEA3009986DF /* SharingKeychainOne */ = {
			isa = PBXGroup;
			children = (
				7E2A58D91C24E968009986DF /* SharingKeychainOne.entitlements */,
				7E2A58C71C24DEA3009986DF /* AppDelegate.swift */,
				7E2A58C91C24DEA3009986DF /* ViewController.swift */,
				7E2A58CB1C24DEA3009986DF /* Main.storyboard */,
				7E2A58CE1C24DEA3009986DF /* Assets.xcassets */,
				7E2A58D01C24DEA3009986DF /* LaunchScreen.storyboard */,
				7E2A58D31C24DEA3009986DF /* Info.plist */,
				7E2A58DA1C24F441009986DF /* KeychainSwift.swift */,
			);
			path = SharingKeychainOne;
			sourceTree = "<group>";
		};
/* End PBXGroup section */

/* Begin PBXNativeTarget section */
		7E2A58C31C24DEA3009986DF /* SharingKeychainOne */ = {
			isa = PBXNativeTarget;
			buildConfigurationList = 7E2A58D61C24DEA3009986DF /* Build configuration list for PBXNativeTarget "SharingKeychainOne" */;
			buildPhases = (
				7E2A58C01C24DEA3009986DF /* Sources */,
				7E2A58C11C24DEA3009986DF /* Frameworks */,
				7E2A58C21C24DEA3009986DF /* Resources */,
			);
			buildRules = (
			);
			dependencies = (
			);
			name = SharingKeychainOne;
			productName = SharingKeychainOne;
			productReference = 7E2A58C41C24DEA3009986DF /* SharingKeychainOne.app */;
			productType = "com.apple.product-type.application";
		};
/* End PBXNativeTarget section */

/* Begin PBXProject section */
		7E2A58BC1C24DEA3009986DF /* Project object */ = {
			isa = PBXProject;
			attributes = {
				LastSwiftUpdateCheck = 0720;
				LastUpgradeCheck = 0720;
				ORGANIZATIONNAME = "Evgenii Neumerzhitckii";
				TargetAttributes = {
					7E2A58C31C24DEA3009986DF = {
						CreatedOnToolsVersion = 7.2;
						SystemCapabilities = {
							com.apple.Keychain = {
								enabled = 1;
							};
						};
					};
				};
			};
			buildConfigurationList = 7E2A58BF1C24DEA3009986DF /* Build configuration list for PBXProject "SharingKeychainOne" */;
			compatibilityVersion = "Xcode 3.2";
			developmentRegion = English;
			hasScannedForEncodings = 0;
			knownRegions = (
				en,
				Base,
			);
			mainGroup = 7E2A58BB1C24DEA3009986DF;
			productRefGroup = 7E2A58C51C24DEA3009986DF /* Products */;
			projectDirPath = "";
			projectRoot = "";
			targets = (
				7E2A58C31C24DEA3009986DF /* SharingKeychainOne */,
			);
		};
/* End PBXProject section */

/* Begin PBXResourcesBuildPhase section */
		7E2A58C21C24DEA3009986DF /* Resources */ = {
			isa = PBXResourcesBuildPhase;
			buildActionMask = 2147483647;
			files = (
				7E2A58D21C24DEA3009986DF /* LaunchScreen.storyboard in Resources */,
				7E2A58CF1C24DEA3009986DF /* Assets.xcassets in Resources */,
				7E2A58CD1C24DEA3009986DF /* Main.storyboard in Resources */,
			);
			runOnlyForDeploymentPostprocessing = 0;
		};
/* End PBXResourcesBuildPhase section */

/* Begin PBXSourcesBuildPhase section */
		7E2A58C01C24DEA3009986DF /* Sources */ = {
			isa = PBXSourcesBuildPhase;
			buildActionMask = 2147483647;
			files = (
				7E2A58CA1C24DEA3009986DF /* ViewController.swift in Sources */,
				7E2A58C81C24DEA3009986DF /* AppDelegate.swift in Sources */,
			);
			runOnlyForDeploymentPostprocessing = 0;
		};
/* End PBXSourcesBuildPhase section */

/* Begin PBXVariantGroup section */
		7E2A58CB1C24DEA3009986DF /* Main.storyboard */ = {
			isa = PBXVariantGroup;
			children = (
				7E2A58CC1C24DEA3009986DF /* Base */,
			);
			name = Main.storyboard;
			sourceTree = "<group>";
		};
		7E2A58D01C24DEA3009986DF /* LaunchScreen.storyboard */ = {
			isa = PBXVariantGroup;
			children = (
				7E2A58D11C24DEA3009986DF /* Base */,
			);
			name = LaunchScreen.storyboard;
			sourceTree = "<group>";
		};
/* End PBXVariantGroup section */

/* Begin XCBuildConfiguration section */
		7E2A58D41C24DEA3009986DF /* Debug */ = {
			isa = XCBuildConfiguration;
			buildSettings = {
				ALWAYS_SEARCH_USER_PATHS = NO;
				CLANG_CXX_LANGUAGE_STANDARD = "gnu++0x";
				CLANG_CXX_LIBRARY = "libc++";
				CLANG_ENABLE_MODULES = YES;
				CLANG_ENABLE_OBJC_ARC = YES;
				CLANG_WARN_BOOL_CONVERSION = YES;
				CLANG_WARN_CONSTANT_CONVERSION = YES;
				CLANG_WARN_DIRECT_OBJC_ISA_USAGE = YES_ERROR;
				CLANG_WARN_EMPTY_BODY = YES;
				CLANG_WARN_ENUM_CONVERSION = YES;
				CLANG_WARN_INT_CONVERSION = YES;
				CLANG_WARN_OBJC_ROOT_CLASS = YES_ERROR;
				CLANG_WARN_UNREACHABLE_CODE = YES;
				CLANG_WARN__DUPLICATE_METHOD_MATCH = YES;
				"CODE_SIGN_IDENTITY[sdk=iphoneos*]" = "iPhone Developer";
				COPY_PHASE_STRIP = NO;
				DEBUG_INFORMATION_FORMAT = dwarf;
				ENABLE_STRICT_OBJC_MSGSEND = YES;
				ENABLE_TESTABILITY = YES;
				GCC_C_LANGUAGE_STANDARD = gnu99;
				GCC_DYNAMIC_NO_PIC = NO;
				GCC_NO_COMMON_BLOCKS = YES;
				GCC_OPTIMIZATION_LEVEL = 0;
				GCC_PREPROCESSOR_DEFINITIONS = (
					"DEBUG=1",
					"$(inherited)",
				);
				GCC_WARN_64_TO_32_BIT_CONVERSION = YES;
				GCC_WARN_ABOUT_RETURN_TYPE = YES_ERROR;
				GCC_WARN_UNDECLARED_SELECTOR = YES;
				GCC_WARN_UNINITIALIZED_AUTOS = YES_AGGRESSIVE;
				GCC_WARN_UNUSED_FUNCTION = YES;
				GCC_WARN_UNUSED_VARIABLE = YES;
				IPHONEOS_DEPLOYMENT_TARGET = 9.2;
				MTL_ENABLE_DEBUG_INFO = YES;
				ONLY_ACTIVE_ARCH = YES;
				SDKROOT = iphoneos;
				SWIFT_OPTIMIZATION_LEVEL = "-Onone";
				TARGETED_DEVICE_FAMILY = "1,2";
			};
			name = Debug;
		};
		7E2A58D51C24DEA3009986DF /* Release */ = {
			isa = XCBuildConfiguration;
			buildSettings = {
				ALWAYS_SEARCH_USER_PATHS = NO;
				CLANG_CXX_LANGUAGE_STANDARD = "gnu++0x";
				CLANG_CXX_LIBRARY = "libc++";
				CLANG_ENABLE_MODULES = YES;
				CLANG_ENABLE_OBJC_ARC = YES;
				CLANG_WARN_BOOL_CONVERSION = YES;
				CLANG_WARN_CONSTANT_CONVERSION = YES;
				CLANG_WARN_DIRECT_OBJC_ISA_USAGE = YES_ERROR;
				CLANG_WARN_EMPTY_BODY = YES;
				CLANG_WARN_ENUM_CONVERSION = YES;
				CLANG_WARN_INT_CONVERSION = YES;
				CLANG_WARN_OBJC_ROOT_CLASS = YES_ERROR;
				CLANG_WARN_UNREACHABLE_CODE = YES;
				CLANG_WARN__DUPLICATE_METHOD_MATCH = YES;
				"CODE_SIGN_IDENTITY[sdk=iphoneos*]" = "iPhone Developer";
				COPY_PHASE_STRIP = NO;
				DEBUG_INFORMATION_FORMAT = "dwarf-with-dsym";
				ENABLE_NS_ASSERTIONS = NO;
				ENABLE_STRICT_OBJC_MSGSEND = YES;
				GCC_C_LANGUAGE_STANDARD = gnu99;
				GCC_NO_COMMON_BLOCKS = YES;
				GCC_WARN_64_TO_32_BIT_CONVERSION = YES;
				GCC_WARN_ABOUT_RETURN_TYPE = YES_ERROR;
				GCC_WARN_UNDECLARED_SELECTOR = YES;
				GCC_WARN_UNINITIALIZED_AUTOS = YES_AGGRESSIVE;
				GCC_WARN_UNUSED_FUNCTION = YES;
				GCC_WARN_UNUSED_VARIABLE = YES;
				IPHONEOS_DEPLOYMENT_TARGET = 9.2;
				MTL_ENABLE_DEBUG_INFO = NO;
				SDKROOT = iphoneos;
				TARGETED_DEVICE_FAMILY = "1,2";
				VALIDATE_PRODUCT = YES;
			};
			name = Release;
		};
		7E2A58D71C24DEA3009986DF /* Debug */ = {
			isa = XCBuildConfiguration;
			buildSettings = {
				ASSETCATALOG_COMPILER_APPICON_NAME = AppIcon;
				CODE_SIGN_ENTITLEMENTS = SharingKeychainOne/SharingKeychainOne.entitlements;
				CODE_SIGN_IDENTITY = "iPhone Developer";
				INFOPLIST_FILE = SharingKeychainOne/Info.plist;
				LD_RUNPATH_SEARCH_PATHS = "$(inherited) @executable_path/Frameworks";
				PRODUCT_BUNDLE_IDENTIFIER = com.evgenii.SharingKeychainOne;
				PRODUCT_NAME = "$(TARGET_NAME)";
			};
			name = Debug;
		};
		7E2A58D81C24DEA3009986DF /* Release */ = {
			isa = XCBuildConfiguration;
			buildSettings = {
				ASSETCATALOG_COMPILER_APPICON_NAME = AppIcon;
				CODE_SIGN_ENTITLEMENTS = SharingKeychainOne/SharingKeychainOne.entitlements;
				CODE_SIGN_IDENTITY = "iPhone Developer";
				INFOPLIST_FILE = SharingKeychainOne/Info.plist;
				LD_RUNPATH_SEARCH_PATHS = "$(inherited) @executable_path/Frameworks";
				PRODUCT_BUNDLE_IDENTIFIER = com.evgenii.SharingKeychainOne;
				PRODUCT_NAME = "$(TARGET_NAME)";
			};
			name = Release;
		};
/* End XCBuildConfiguration section */

/* Begin XCConfigurationList section */
		7E2A58BF1C24DEA3009986DF /* Build configuration list for PBXProject "SharingKeychainOne" */ = {
			isa = XCConfigurationList;
			buildConfigurations = (
				7E2A58D41C24DEA3009986DF /* Debug */,
				7E2A58D51C24DEA3009986DF /* Release */,
			);
			defaultConfigurationIsVisible = 0;
			defaultConfigurationName = Release;
		};
		7E2A58D61C24DEA3009986DF /* Build configuration list for PBXNativeTarget "SharingKeychainOne" */ = {
			isa = XCConfigurationList;
			buildConfigurations = (
				7E2A58D71C24DEA3009986DF /* Debug */,
				7E2A58D81C24DEA3009986DF /* Release */,
			);
			defaultConfigurationIsVisible = 0;
			defaultConfigurationName = Release;
		};
/* End XCConfigurationList section */
	};
	rootObject = 7E2A58BC1C24DEA3009986DF /* Project object */;
}
